
Microsoft Visual Studio Solution File, Format Version 12.00
# Visual Studio Version 17
VisualStudioVersion = 17.3.32922.545
MinimumVisualStudioVersion = 10.0.40219.1
Project("{9A19103F-16F7-4668-BE54-9A1E7A4F7556}") = "adonet_db", "adonet_db\adonet_db.csproj", "{94A2967B-BF4B-4084-AAC3-C226D40AD974}"
EndProject
Global
	GlobalSection(SolutionConfigurationPlatforms) = preSolution
		Debug|Any CPU = Debug|Any CPU
		Release|Any CPU = Release|Any CPU
	EndGlobalSection
	GlobalSection(ProjectConfigurationPlatforms) = postSolution
		{94A2967B-BF4B-4084-AAC3-C226D40AD974}.Debug|Any CPU.ActiveCfg = Debug|Any CPU
		{94A2967B-BF4B-4084-AAC3-C226D40AD974}.Debug|Any CPU.Build.0 = Debug|Any CPU
		{94A2967B-BF4B-4084-AAC3-C226D40AD974}.Release|Any CPU.ActiveCfg = Release|Any CPU
		{94A2967B-BF4B-4084-AAC3-C226D40AD974}.Release|Any CPU.Build.0 = Release|Any CPU
	EndGlobalSection
	GlobalSection(SolutionProperties) = preSolution
		HideSolutionNode = FALSE
	EndGlobalSection
	GlobalSection(ExtensibilityGlobals) = postSolution
		SolutionGuid = {A842AEB8-E746-426B-B5CA-FE9CD2C20D1F}
	EndGlobalSection
EndGlobal
